
Microsoft Visual Studio Solution File, Format Version 12.00
Project("{2150E333-8FDC-42A3-9474-1A3956D46DE8}") = "src", "src", "{63407CD6-B16F-4448-8A38-427DFCC52E9E}"
EndProject
Project("{2150E333-8FDC-42A3-9474-1A3956D46DE8}") = "Core", "Core", "{6A959014-6605-4A34-A168-205BB1A98CB6}"
EndProject
Project("{FAE04EC0-301F-11D3-BF4B-00C04F79EFBC}") = "Core.EntityFramework", "src\Core\Core.EntityFramework\Core.EntityFramework.csproj", "{D140C2E3-3462-45F2-9C1F-6F93A5F48A4C}"
EndProject
Project("{FAE04EC0-301F-11D3-BF4B-00C04F79EFBC}") = "Core.Exceptions", "src\Core\Core.Exceptions\Core.Exceptions.csproj", "{8BCDF8A6-180B-4A58-85FB-74C98384DE8E}"
EndProject
Project("{2150E333-8FDC-42A3-9474-1A3956D46DE8}") = "EventBus", "EventBus", "{4D386311-6E40-4AC6-AA31-2BBBE4623166}"
EndProject
Project("{FAE04EC0-301F-11D3-BF4B-00C04F79EFBC}") = "EventBus.Base", "src\EventBus\EventBus.Base\EventBus.Base.csproj", "{F367C2AF-B14F-43A7-AA60-3757AA09DFBC}"
EndProject
Project("{FAE04EC0-301F-11D3-BF4B-00C04F79EFBC}") = "EventBus.RabbitMq", "src\EventBus\EventBus.RabbitMq\EventBus.RabbitMq.csproj", "{3F7F4948-707E-4E88-9054-194B64968A73}"
EndProject
Project("{FAE04EC0-301F-11D3-BF4B-00C04F79EFBC}") = "EventBus.AzureServiceBus", "src\EventBus\EventBus.AzureServiceBus\EventBus.AzureServiceBus.csproj", "{466E41A0-13F9-46F8-B1D4-B9644C034CEB}"
EndProject
Project("{FAE04EC0-301F-11D3-BF4B-00C04F79EFBC}") = "EventBus.Factory", "src\EventBus\EventBus.Factory\EventBus.Factory.csproj", "{6A22534A-D628-4080-8ED3-5B09524EA8C2}"
EndProject
Project("{FAE04EC0-301F-11D3-BF4B-00C04F79EFBC}") = "Domain", "src\Domain\Domain.csproj", "{6335B533-C39A-43DE-A76B-B2C31AA0EE05}"
EndProject
Project("{FAE04EC0-301F-11D3-BF4B-00C04F79EFBC}") = "Domain.Shared", "src\Domain.Shared\Domain.Shared.csproj", "{49AB8EFB-E7E5-4A26-8429-D501EFAAE88D}"
EndProject
Global
	GlobalSection(SolutionConfigurationPlatforms) = preSolution
		Debug|Any CPU = Debug|Any CPU
		Release|Any CPU = Release|Any CPU
	EndGlobalSection
	GlobalSection(NestedProjects) = preSolution
		{6A959014-6605-4A34-A168-205BB1A98CB6} = {63407CD6-B16F-4448-8A38-427DFCC52E9E}
		{D140C2E3-3462-45F2-9C1F-6F93A5F48A4C} = {6A959014-6605-4A34-A168-205BB1A98CB6}
		{8BCDF8A6-180B-4A58-85FB-74C98384DE8E} = {6A959014-6605-4A34-A168-205BB1A98CB6}
		{4D386311-6E40-4AC6-AA31-2BBBE4623166} = {63407CD6-B16F-4448-8A38-427DFCC52E9E}
		{F367C2AF-B14F-43A7-AA60-3757AA09DFBC} = {4D386311-6E40-4AC6-AA31-2BBBE4623166}
		{3F7F4948-707E-4E88-9054-194B64968A73} = {4D386311-6E40-4AC6-AA31-2BBBE4623166}
		{466E41A0-13F9-46F8-B1D4-B9644C034CEB} = {4D386311-6E40-4AC6-AA31-2BBBE4623166}
		{6A22534A-D628-4080-8ED3-5B09524EA8C2} = {4D386311-6E40-4AC6-AA31-2BBBE4623166}
		{6335B533-C39A-43DE-A76B-B2C31AA0EE05} = {63407CD6-B16F-4448-8A38-427DFCC52E9E}
		{49AB8EFB-E7E5-4A26-8429-D501EFAAE88D} = {63407CD6-B16F-4448-8A38-427DFCC52E9E}
	EndGlobalSection
	GlobalSection(ProjectConfigurationPlatforms) = postSolution
		{D140C2E3-3462-45F2-9C1F-6F93A5F48A4C}.Debug|Any CPU.ActiveCfg = Debug|Any CPU
		{D140C2E3-3462-45F2-9C1F-6F93A5F48A4C}.Debug|Any CPU.Build.0 = Debug|Any CPU
		{D140C2E3-3462-45F2-9C1F-6F93A5F48A4C}.Release|Any CPU.ActiveCfg = Release|Any CPU
		{D140C2E3-3462-45F2-9C1F-6F93A5F48A4C}.Release|Any CPU.Build.0 = Release|Any CPU
		{8BCDF8A6-180B-4A58-85FB-74C98384DE8E}.Debug|Any CPU.ActiveCfg = Debug|Any CPU
		{8BCDF8A6-180B-4A58-85FB-74C98384DE8E}.Debug|Any CPU.Build.0 = Debug|Any CPU
		{8BCDF8A6-180B-4A58-85FB-74C98384DE8E}.Release|Any CPU.ActiveCfg = Release|Any CPU
		{8BCDF8A6-180B-4A58-85FB-74C98384DE8E}.Release|Any CPU.Build.0 = Release|Any CPU
		{F367C2AF-B14F-43A7-AA60-3757AA09DFBC}.Debug|Any CPU.ActiveCfg = Debug|Any CPU
		{F367C2AF-B14F-43A7-AA60-3757AA09DFBC}.Debug|Any CPU.Build.0 = Debug|Any CPU
		{F367C2AF-B14F-43A7-AA60-3757AA09DFBC}.Release|Any CPU.ActiveCfg = Release|Any CPU
		{F367C2AF-B14F-43A7-AA60-3757AA09DFBC}.Release|Any CPU.Build.0 = Release|Any CPU
		{3F7F4948-707E-4E88-9054-194B64968A73}.Debug|Any CPU.ActiveCfg = Debug|Any CPU
		{3F7F4948-707E-4E88-9054-194B64968A73}.Debug|Any CPU.Build.0 = Debug|Any CPU
		{3F7F4948-707E-4E88-9054-194B64968A73}.Release|Any CPU.ActiveCfg = Release|Any CPU
		{3F7F4948-707E-4E88-9054-194B64968A73}.Release|Any CPU.Build.0 = Release|Any CPU
		{466E41A0-13F9-46F8-B1D4-B9644C034CEB}.Debug|Any CPU.ActiveCfg = Debug|Any CPU
		{466E41A0-13F9-46F8-B1D4-B9644C034CEB}.Debug|Any CPU.Build.0 = Debug|Any CPU
		{466E41A0-13F9-46F8-B1D4-B9644C034CEB}.Release|Any CPU.ActiveCfg = Release|Any CPU
		{466E41A0-13F9-46F8-B1D4-B9644C034CEB}.Release|Any CPU.Build.0 = Release|Any CPU
		{6A22534A-D628-4080-8ED3-5B09524EA8C2}.Debug|Any CPU.ActiveCfg = Debug|Any CPU
		{6A22534A-D628-4080-8ED3-5B09524EA8C2}.Debug|Any CPU.Build.0 = Debug|Any CPU
		{6A22534A-D628-4080-8ED3-5B09524EA8C2}.Release|Any CPU.ActiveCfg = Release|Any CPU
		{6A22534A-D628-4080-8ED3-5B09524EA8C2}.Release|Any CPU.Build.0 = Release|Any CPU
		{6335B533-C39A-43DE-A76B-B2C31AA0EE05}.Debug|Any CPU.ActiveCfg = Debug|Any CPU
		{6335B533-C39A-43DE-A76B-B2C31AA0EE05}.Debug|Any CPU.Build.0 = Debug|Any CPU
		{6335B533-C39A-43DE-A76B-B2C31AA0EE05}.Release|Any CPU.ActiveCfg = Release|Any CPU
		{6335B533-C39A-43DE-A76B-B2C31AA0EE05}.Release|Any CPU.Build.0 = Release|Any CPU
		{49AB8EFB-E7E5-4A26-8429-D501EFAAE88D}.Debug|Any CPU.ActiveCfg = Debug|Any CPU
		{49AB8EFB-E7E5-4A26-8429-D501EFAAE88D}.Debug|Any CPU.Build.0 = Debug|Any CPU
		{49AB8EFB-E7E5-4A26-8429-D501EFAAE88D}.Release|Any CPU.ActiveCfg = Release|Any CPU
		{49AB8EFB-E7E5-4A26-8429-D501EFAAE88D}.Release|Any CPU.Build.0 = Release|Any CPU
	EndGlobalSection
EndGlobal
